
Microsoft Visual Studio Solution File, Format Version 12.00
# Visual Studio Version 17
VisualStudioVersion = 17.2.32516.85
MinimumVisualStudioVersion = 10.0.40219.1
Project("{FAE04EC0-301F-11D3-BF4B-00C04F79EFBC}") = "IN-147073", "IN-147073\IN-147073.csproj", "{A840678E-9055-4763-B49B-AD6D72055FA0}"
EndProject
Global
	GlobalSection(SolutionConfigurationPlatforms) = preSolution
		Debug|Any CPU = Debug|Any CPU
		Debug|x64 = Debug|x64
		Release|Any CPU = Release|Any CPU
		Release|x64 = Release|x64
	EndGlobalSection
	GlobalSection(ProjectConfigurationPlatforms) = postSolution
		{A840678E-9055-4763-B49B-AD6D72055FA0}.Debug|Any CPU.ActiveCfg = Debug|Any CPU
		{A840678E-9055-4763-B49B-AD6D72055FA0}.Debug|Any CPU.Build.0 = Debug|Any CPU
		{A840678E-9055-4763-B49B-AD6D72055FA0}.Debug|x64.ActiveCfg = Debug|Any CPU
		{A840678E-9055-4763-B49B-AD6D72055FA0}.Debug|x64.Build.0 = Debug|Any CPU
		{A840678E-9055-4763-B49B-AD6D72055FA0}.Release|Any CPU.ActiveCfg = Release|Any CPU
		{A840678E-9055-4763-B49B-AD6D72055FA0}.Release|Any CPU.Build.0 = Release|Any CPU
		{A840678E-9055-4763-B49B-AD6D72055FA0}.Release|x64.ActiveCfg = Release|Any CPU
	EndGlobalSection
	GlobalSection(SolutionProperties) = preSolution
		HideSolutionNode = FALSE
	EndGlobalSection
	GlobalSection(ExtensibilityGlobals) = postSolution
		SolutionGuid = {2962745B-AF78-40CD-A8B2-AA432D7EFD04}
	EndGlobalSection
EndGlobal
